{
  "name": "bs-base",
  "version": "0.1.0",
  "lockfileVersion": 1,
  "requires": true,
  "dependencies": {
    "@esy-ocaml/esy-opam": {
      "version": "0.0.15",
      "resolved": "https://registry.npmjs.org/@esy-ocaml/esy-opam/-/esy-opam-0.0.15.tgz",
      "integrity": "sha512-s3gEaDMCSJwxxz+vjVYAVYWOMqJC+lIckT20A9sB2nYLQ8qGkkm8nIHd7LvgCFPUGxmETOy0etGMLA+K6v6WZw=="
    },
    "bs-platform": {
      "version": "6.1.0",
      "resolved": "https://registry.npmjs.org/bs-platform/-/bs-platform-6.1.0.tgz",
      "integrity": "sha512-4EFTVU75qznEOkFEsZ+BF1U57j7N0qO0mNsva0OSwnxJpae4SBPq8r3Sf8mlzBKYXmdyCFXYL9Q/eTUj0ExaFg==",
      "dev": true
    },
    "esy": {
      "version": "0.5.8",
      "resolved": "https://registry.npmjs.org/esy/-/esy-0.5.8.tgz",
      "integrity": "sha512-LT5d/uAoIoAsaGg133y0U/8DkCgoldu2TO66qQG5Iq/kI1zjbMCDpwcp3yrhQSro0uS6+bYeuVupqrboPcYKyQ==",
      "requires": {
        "@esy-ocaml/esy-opam": "0.0.15",
        "esy-solve-cudf": "^0.1.10"
      }
    },
    "esy-solve-cudf": {
      "version": "0.1.10",
      "resolved": "https://registry.npmjs.org/esy-solve-cudf/-/esy-solve-cudf-0.1.10.tgz",
      "integrity": "sha512-/MrZOBH0wuJndvZN8pl+S3Mg3zJaK70PH9ZZwqDeJHulghEWROEZxpmenNiS9pqAaxyUVhTZJBt2/vL9jKCJbg=="
    }
  }
}
